
Microsoft Visual Studio Solution File, Format Version 12.00
# Visual Studio Version 17
VisualStudioVersion = 17.0.31903.59
MinimumVisualStudioVersion = 10.0.40219.1
Project("{FAE04EC0-301F-11D3-BF4B-00C04F79EFBC}") = "Aseguradora.Aplicacion", "Aseguradora.Aplicacion\Aseguradora.Aplicacion.csproj", "{199FBFFF-A443-422A-860D-10556F9A63AA}"
EndProject
Project("{FAE04EC0-301F-11D3-BF4B-00C04F79EFBC}") = "Aseguradora.Consola", "Aseguradora.Consola\Aseguradora.Consola.csproj", "{F537B897-0DD4-48A8-BEF1-7E027475D365}"
EndProject
Project("{FAE04EC0-301F-11D3-BF4B-00C04F79EFBC}") = "Aseguradora.Repositorio", "Aseguradora.Repositorio\Aseguradora.Repositorio.csproj", "{39333363-E4C6-48D1-8999-06342B5B9673}"
EndProject
Global
	GlobalSection(SolutionConfigurationPlatforms) = preSolution
		Debug|Any CPU = Debug|Any CPU
		Release|Any CPU = Release|Any CPU
	EndGlobalSection
	GlobalSection(SolutionProperties) = preSolution
		HideSolutionNode = FALSE
	EndGlobalSection
	GlobalSection(ProjectConfigurationPlatforms) = postSolution
		{199FBFFF-A443-422A-860D-10556F9A63AA}.Debug|Any CPU.ActiveCfg = Debug|Any CPU
		{199FBFFF-A443-422A-860D-10556F9A63AA}.Debug|Any CPU.Build.0 = Debug|Any CPU
		{199FBFFF-A443-422A-860D-10556F9A63AA}.Release|Any CPU.ActiveCfg = Release|Any CPU
		{199FBFFF-A443-422A-860D-10556F9A63AA}.Release|Any CPU.Build.0 = Release|Any CPU
		{F537B897-0DD4-48A8-BEF1-7E027475D365}.Debug|Any CPU.ActiveCfg = Debug|Any CPU
		{F537B897-0DD4-48A8-BEF1-7E027475D365}.Debug|Any CPU.Build.0 = Debug|Any CPU
		{F537B897-0DD4-48A8-BEF1-7E027475D365}.Release|Any CPU.ActiveCfg = Release|Any CPU
		{F537B897-0DD4-48A8-BEF1-7E027475D365}.Release|Any CPU.Build.0 = Release|Any CPU
		{39333363-E4C6-48D1-8999-06342B5B9673}.Debug|Any CPU.ActiveCfg = Debug|Any CPU
		{39333363-E4C6-48D1-8999-06342B5B9673}.Debug|Any CPU.Build.0 = Debug|Any CPU
		{39333363-E4C6-48D1-8999-06342B5B9673}.Release|Any CPU.ActiveCfg = Release|Any CPU
		{39333363-E4C6-48D1-8999-06342B5B9673}.Release|Any CPU.Build.0 = Release|Any CPU
	EndGlobalSection
EndGlobal
